{
  "name": "node-red-contrib-zenroom",
  "version": "0.0.1",
  "lockfileVersion": 1,
  "requires": true,
  "dependencies": {
    "core-js": {
      "version": "3.1.4",
      "resolved": "https://registry.npmjs.org/core-js/-/core-js-3.1.4.tgz",
      "integrity": "sha512-YNZN8lt82XIMLnLirj9MhKDFZHalwzzrL9YLt6eb0T5D0EDl4IQ90IGkua8mHbnxNrkj1d8hbdizMc0Qmg1WnQ=="
    },
    "regenerator-runtime": {
      "version": "0.13.2",
      "resolved": "https://registry.npmjs.org/regenerator-runtime/-/regenerator-runtime-0.13.2.tgz",
      "integrity": "sha512-S/TQAZJO+D3m9xeN1WTI8dLKBBiRgXBlTJvbWjCThHWZj9EvHK70Ff50/tYj2J/fvBY6JtFVwRuazHN2E7M9BA=="
    },
    "zenroom": {
      "version": "0.9.5",
      "resolved": "https://registry.npmjs.org/zenroom/-/zenroom-0.9.5.tgz",
      "integrity": "sha512-6BIT+tlkSwIbeiax/OFoPRvH0ytRY5Wc5VCrw3WPhS/XpBnI6OjVSIOCWw4nnJiOKhGd2rMmXN+dNMAweM6F7g==",
      "requires": {
        "core-js": "^3.1.4"
      }
    }
  }
}
